
Microsoft Visual Studio Solution File, Format Version 12.00
# Visual Studio Version 17
VisualStudioVersion = 17.10.34928.147
MinimumVisualStudioVersion = 10.0.40219.1
Project("{FAE04EC0-301F-11D3-BF4B-00C04F79EFBC}") = "UI", "PatronComposite\UI.csproj", "{0207CAE1-A2D8-425C-AD85-2FEBE30E49FB}"
EndProject
Project("{FAE04EC0-301F-11D3-BF4B-00C04F79EFBC}") = "Domain", "Domain\Domain.csproj", "{865599DC-B97B-40D5-B06E-68B21F7A7ED4}"
EndProject
Global
	GlobalSection(SolutionConfigurationPlatforms) = preSolution
		Debug|Any CPU = Debug|Any CPU
		Release|Any CPU = Release|Any CPU
	EndGlobalSection
	GlobalSection(ProjectConfigurationPlatforms) = postSolution
		{0207CAE1-A2D8-425C-AD85-2FEBE30E49FB}.Debug|Any CPU.ActiveCfg = Debug|Any CPU
		{0207CAE1-A2D8-425C-AD85-2FEBE30E49FB}.Debug|Any CPU.Build.0 = Debug|Any CPU
		{0207CAE1-A2D8-425C-AD85-2FEBE30E49FB}.Release|Any CPU.ActiveCfg = Release|Any CPU
		{0207CAE1-A2D8-425C-AD85-2FEBE30E49FB}.Release|Any CPU.Build.0 = Release|Any CPU
		{865599DC-B97B-40D5-B06E-68B21F7A7ED4}.Debug|Any CPU.ActiveCfg = Debug|Any CPU
		{865599DC-B97B-40D5-B06E-68B21F7A7ED4}.Debug|Any CPU.Build.0 = Debug|Any CPU
		{865599DC-B97B-40D5-B06E-68B21F7A7ED4}.Release|Any CPU.ActiveCfg = Release|Any CPU
		{865599DC-B97B-40D5-B06E-68B21F7A7ED4}.Release|Any CPU.Build.0 = Release|Any CPU
	EndGlobalSection
	GlobalSection(SolutionProperties) = preSolution
		HideSolutionNode = FALSE
	EndGlobalSection
	GlobalSection(ExtensibilityGlobals) = postSolution
		SolutionGuid = {B6A37008-A69E-4B57-8CBC-BABD2AB41D21}
	EndGlobalSection
EndGlobal
